
Microsoft Visual Studio Solution File, Format Version 12.00
# Visual Studio 15
VisualStudioVersion = 15.0.28307.329
MinimumVisualStudioVersion = 10.0.40219.1
Project("{FAE04EC0-301F-11D3-BF4B-00C04F79EFBC}") = "SecondMVCApp", "SecondMVCApp\SecondMVCApp.csproj", "{4419BA7D-892F-4ED8-98C5-9B00F16502D5}"
EndProject
Project("{FAE04EC0-301F-11D3-BF4B-00C04F79EFBC}") = "Week4.Shared", "Week4.Shared\Week4.Shared.csproj", "{B194A661-00BF-45CA-BD9F-50A72F62A8DC}"
EndProject
Global
	GlobalSection(SolutionConfigurationPlatforms) = preSolution
		Debug|Any CPU = Debug|Any CPU
		Release|Any CPU = Release|Any CPU
	EndGlobalSection
	GlobalSection(ProjectConfigurationPlatforms) = postSolution
		{4419BA7D-892F-4ED8-98C5-9B00F16502D5}.Debug|Any CPU.ActiveCfg = Debug|Any CPU
		{4419BA7D-892F-4ED8-98C5-9B00F16502D5}.Debug|Any CPU.Build.0 = Debug|Any CPU
		{4419BA7D-892F-4ED8-98C5-9B00F16502D5}.Release|Any CPU.ActiveCfg = Release|Any CPU
		{4419BA7D-892F-4ED8-98C5-9B00F16502D5}.Release|Any CPU.Build.0 = Release|Any CPU
		{B194A661-00BF-45CA-BD9F-50A72F62A8DC}.Debug|Any CPU.ActiveCfg = Debug|Any CPU
		{B194A661-00BF-45CA-BD9F-50A72F62A8DC}.Debug|Any CPU.Build.0 = Debug|Any CPU
		{B194A661-00BF-45CA-BD9F-50A72F62A8DC}.Release|Any CPU.ActiveCfg = Release|Any CPU
		{B194A661-00BF-45CA-BD9F-50A72F62A8DC}.Release|Any CPU.Build.0 = Release|Any CPU
	EndGlobalSection
	GlobalSection(SolutionProperties) = preSolution
		HideSolutionNode = FALSE
	EndGlobalSection
	GlobalSection(ExtensibilityGlobals) = postSolution
		SolutionGuid = {3786BF2B-4B71-4002-B7A6-FAED8C594F49}
	EndGlobalSection
EndGlobal
